// !$*UTF8*$!
{
	archiveVersion = 1;
	classes = {
	};
	objectVersion = 46;
	objects = {

/* Begin PBXBuildFile section */
		03909FE01DDE4ACE00C701A0 /* LaunchScreen.storyboard in Resources */ = {isa = PBXBuildFile; fileRef = 03909FDF1DDE4ACE00C701A0 /* LaunchScreen.storyboard */; };
		03CE45611DD1302700ABF7FA /* NameGame.swift in Sources */ = {isa = PBXBuildFile; fileRef = 03CE45601DD1302700ABF7FA /* NameGame.swift */; };
		B30DE05C1EFC46190012F695 /* Coordinator.swift in Sources */ = {isa = PBXBuildFile; fileRef = B30DE05B1EFC46190012F695 /* Coordinator.swift */; };
		B30DE0611EFC4AC60012F695 /* ViewLifecycleObserver.swift in Sources */ = {isa = PBXBuildFile; fileRef = B30DE0601EFC4AC60012F695 /* ViewLifecycleObserver.swift */; };
		B30DE06F1EFC4F8F0012F695 /* AppCoordinator.swift in Sources */ = {isa = PBXBuildFile; fileRef = B30DE06E1EFC4F8F0012F695 /* AppCoordinator.swift */; };
		B30DE0711EFC51720012F695 /* MenuCoordinator.swift in Sources */ = {isa = PBXBuildFile; fileRef = B30DE0701EFC51720012F695 /* MenuCoordinator.swift */; };
		B30DE0731EFC52AE0012F695 /* UIStoryboardExtensions.swift in Sources */ = {isa = PBXBuildFile; fileRef = B30DE0721EFC52AE0012F695 /* UIStoryboardExtensions.swift */; };
		B30DE0761EFC5E2C0012F695 /* UserGridCoordinator.swift in Sources */ = {isa = PBXBuildFile; fileRef = B30DE0751EFC5E2C0012F695 /* UserGridCoordinator.swift */; };
		B322A4411EF16E44009ABB4B /* ImageService.swift in Sources */ = {isa = PBXBuildFile; fileRef = B322A4401EF16E44009ABB4B /* ImageService.swift */; };
		B322A4431EF16E9A009ABB4B /* ResponseError.swift in Sources */ = {isa = PBXBuildFile; fileRef = B322A4421EF16E9A009ABB4B /* ResponseError.swift */; };
		B322A4451EF17B36009ABB4B /* ImageCache.swift in Sources */ = {isa = PBXBuildFile; fileRef = B322A4441EF17B36009ABB4B /* ImageCache.swift */; };
		B322A4471EF182E1009ABB4B /* FilePath.swift in Sources */ = {isa = PBXBuildFile; fileRef = B322A4461EF182E1009ABB4B /* FilePath.swift */; };
		B33ED8D21EF1D60600CE899E /* UserRecordCell.swift in Sources */ = {isa = PBXBuildFile; fileRef = B33ED8D11EF1D60600CE899E /* UserRecordCell.swift */; };
		B34EC1121EF039AB00192AE0 /* Result.swift in Sources */ = {isa = PBXBuildFile; fileRef = B34EC1111EF039AB00192AE0 /* Result.swift */; };
		B34EC1141EF039BF00192AE0 /* ParsingError.swift in Sources */ = {isa = PBXBuildFile; fileRef = B34EC1131EF039BF00192AE0 /* ParsingError.swift */; };
		B3809CA71EF31B3C00CB3CAC /* MenuViewController.swift in Sources */ = {isa = PBXBuildFile; fileRef = B3809CA61EF31B3C00CB3CAC /* MenuViewController.swift */; };
		B39D020F1EF86A71006CC8D1 /* ReSwift.framework in Frameworks */ = {isa = PBXBuildFile; fileRef = B39D020E1EF86A71006CC8D1 /* ReSwift.framework */; };
		B39D02101EF86A71006CC8D1 /* ReSwift.framework in Embed Frameworks */ = {isa = PBXBuildFile; fileRef = B39D020E1EF86A71006CC8D1 /* ReSwift.framework */; settings = {ATTRIBUTES = (CodeSignOnCopy, RemoveHeadersOnCopy, ); }; };
		B3AB24ED1EFAF3CF00E954EE /* StateLogger.swift in Sources */ = {isa = PBXBuildFile; fileRef = B3AB24EC1EFAF3CF00E954EE /* StateLogger.swift */; };
		B3AB24EF1EFAF44000E954EE /* AppState.swift in Sources */ = {isa = PBXBuildFile; fileRef = B3AB24EE1EFAF44000E954EE /* AppState.swift */; };
		B3AB24F61EFAF56900E954EE /* Loading.swift in Sources */ = {isa = PBXBuildFile; fileRef = B3AB24F51EFAF56900E954EE /* Loading.swift */; };
		B3AB24F91EFAF80900E954EE /* GameState.swift in Sources */ = {isa = PBXBuildFile; fileRef = B3AB24F81EFAF80900E954EE /* GameState.swift */; };
		B3AB24FB1EFAFA1D00E954EE /* Question.swift in Sources */ = {isa = PBXBuildFile; fileRef = B3AB24FA1EFAFA1D00E954EE /* Question.swift */; };
		B3AB24FE1EFB131600E954EE /* AppReducer.swift in Sources */ = {isa = PBXBuildFile; fileRef = B3AB24FD1EFB131600E954EE /* AppReducer.swift */; };
		B3AB25001EFB133400E954EE /* GameReducer.swift in Sources */ = {isa = PBXBuildFile; fileRef = B3AB24FF1EFB133400E954EE /* GameReducer.swift */; };
		B3C4B07F1EFD55F500C65A14 /* MenuWorkflow.swift in Sources */ = {isa = PBXBuildFile; fileRef = B3C4B07E1EFD55F500C65A14 /* MenuWorkflow.swift */; };
		B3CE028A1EF1A4EB0090A944 /* UserGridViewController.swift in Sources */ = {isa = PBXBuildFile; fileRef = B3CE02891EF1A4EB0090A944 /* UserGridViewController.swift */; };
		B3D35EF81EF42CFE00DE9EAA /* NameGameViewController.swift in Sources */ = {isa = PBXBuildFile; fileRef = B3D35EF71EF42CFE00DE9EAA /* NameGameViewController.swift */; };
		B3F5BFF91EF03CF9003BF88D /* UserRecord.swift in Sources */ = {isa = PBXBuildFile; fileRef = B3F5BFF81EF03CF9003BF88D /* UserRecord.swift */; };
		B3F5BFFB1EF03D0F003BF88D /* UserRecordDecoder.swift in Sources */ = {isa = PBXBuildFile; fileRef = B3F5BFFA1EF03D0F003BF88D /* UserRecordDecoder.swift */; };
		B3F5BFFD1EF03D1E003BF88D /* Headshot.swift in Sources */ = {isa = PBXBuildFile; fileRef = B3F5BFFC1EF03D1E003BF88D /* Headshot.swift */; };
		B3FE253B1EF03C650054C2BA /* UserRecordService.swift in Sources */ = {isa = PBXBuildFile; fileRef = B3FE253A1EF03C650054C2BA /* UserRecordService.swift */; };
		EC6A1AB71C8F6E5A0071F529 /* AppDelegate.swift in Sources */ = {isa = PBXBuildFile; fileRef = EC6A1AB61C8F6E5A0071F529 /* AppDelegate.swift */; };
		EC6A1ABC1C8F6E5A0071F529 /* Main.storyboard in Resources */ = {isa = PBXBuildFile; fileRef = EC6A1ABA1C8F6E5A0071F529 /* Main.storyboard */; };
		EC6A1ABE1C8F6E5A0071F529 /* Assets.xcassets in Resources */ = {isa = PBXBuildFile; fileRef = EC6A1ABD1C8F6E5A0071F529 /* Assets.xcassets */; };
		ECF50AB51C9331CA00C41A1D /* FaceButton.swift in Sources */ = {isa = PBXBuildFile; fileRef = ECF50AB41C9331CA00C41A1D /* FaceButton.swift */; };
/* End PBXBuildFile section */

/* Begin PBXCopyFilesBuildPhase section */
		B39D02111EF86A71006CC8D1 /* Embed Frameworks */ = {
			isa = PBXCopyFilesBuildPhase;
			buildActionMask = 2147483647;
			dstPath = "";
			dstSubfolderSpec = 10;
			files = (
				B39D02101EF86A71006CC8D1 /* ReSwift.framework in Embed Frameworks */,
			);
			name = "Embed Frameworks";
			runOnlyForDeploymentPostprocessing = 0;
		};
/* End PBXCopyFilesBuildPhase section */

/* Begin PBXFileReference section */
		03909FDF1DDE4ACE00C701A0 /* LaunchScreen.storyboard */ = {isa = PBXFileReference; fileEncoding = 4; lastKnownFileType = file.storyboard; path = LaunchScreen.storyboard; sourceTree = "<group>"; };
		03CE45601DD1302700ABF7FA /* NameGame.swift */ = {isa = PBXFileReference; fileEncoding = 4; lastKnownFileType = sourcecode.swift; path = NameGame.swift; sourceTree = "<group>"; };
		B30DE05B1EFC46190012F695 /* Coordinator.swift */ = {isa = PBXFileReference; fileEncoding = 4; lastKnownFileType = sourcecode.swift; path = Coordinator.swift; sourceTree = "<group>"; };
		B30DE0601EFC4AC60012F695 /* ViewLifecycleObserver.swift */ = {isa = PBXFileReference; fileEncoding = 4; lastKnownFileType = sourcecode.swift; path = ViewLifecycleObserver.swift; sourceTree = "<group>"; };
		B30DE06E1EFC4F8F0012F695 /* AppCoordinator.swift */ = {isa = PBXFileReference; fileEncoding = 4; lastKnownFileType = sourcecode.swift; path = AppCoordinator.swift; sourceTree = "<group>"; };
		B30DE0701EFC51720012F695 /* MenuCoordinator.swift */ = {isa = PBXFileReference; fileEncoding = 4; lastKnownFileType = sourcecode.swift; path = MenuCoordinator.swift; sourceTree = "<group>"; };
		B30DE0721EFC52AE0012F695 /* UIStoryboardExtensions.swift */ = {isa = PBXFileReference; fileEncoding = 4; lastKnownFileType = sourcecode.swift; path = UIStoryboardExtensions.swift; sourceTree = "<group>"; };
		B30DE0751EFC5E2C0012F695 /* UserGridCoordinator.swift */ = {isa = PBXFileReference; fileEncoding = 4; lastKnownFileType = sourcecode.swift; path = UserGridCoordinator.swift; sourceTree = "<group>"; };
		B322A4401EF16E44009ABB4B /* ImageService.swift */ = {isa = PBXFileReference; fileEncoding = 4; lastKnownFileType = sourcecode.swift; path = ImageService.swift; sourceTree = "<group>"; };
		B322A4421EF16E9A009ABB4B /* ResponseError.swift */ = {isa = PBXFileReference; fileEncoding = 4; lastKnownFileType = sourcecode.swift; path = ResponseError.swift; sourceTree = "<group>"; };
		B322A4441EF17B36009ABB4B /* ImageCache.swift */ = {isa = PBXFileReference; fileEncoding = 4; lastKnownFileType = sourcecode.swift; path = ImageCache.swift; sourceTree = "<group>"; };
		B322A4461EF182E1009ABB4B /* FilePath.swift */ = {isa = PBXFileReference; fileEncoding = 4; lastKnownFileType = sourcecode.swift; path = FilePath.swift; sourceTree = "<group>"; };
		B33ED8D11EF1D60600CE899E /* UserRecordCell.swift */ = {isa = PBXFileReference; fileEncoding = 4; lastKnownFileType = sourcecode.swift; path = UserRecordCell.swift; sourceTree = "<group>"; };
		B34EC1111EF039AB00192AE0 /* Result.swift */ = {isa = PBXFileReference; fileEncoding = 4; lastKnownFileType = sourcecode.swift; path = Result.swift; sourceTree = "<group>"; };
		B34EC1131EF039BF00192AE0 /* ParsingError.swift */ = {isa = PBXFileReference; fileEncoding = 4; lastKnownFileType = sourcecode.swift; path = ParsingError.swift; sourceTree = "<group>"; };
		B3809CA61EF31B3C00CB3CAC /* MenuViewController.swift */ = {isa = PBXFileReference; fileEncoding = 4; lastKnownFileType = sourcecode.swift; name = MenuViewController.swift; path = ViewController/MenuViewController.swift; sourceTree = "<group>"; };
		B39D020E1EF86A71006CC8D1 /* ReSwift.framework */ = {isa = PBXFileReference; lastKnownFileType = wrapper.framework; name = ReSwift.framework; path = Carthage/Build/iOS/ReSwift.framework; sourceTree = "<group>"; };
		B3AB24EC1EFAF3CF00E954EE /* StateLogger.swift */ = {isa = PBXFileReference; fileEncoding = 4; lastKnownFileType = sourcecode.swift; path = StateLogger.swift; sourceTree = "<group>"; };
		B3AB24EE1EFAF44000E954EE /* AppState.swift */ = {isa = PBXFileReference; fileEncoding = 4; lastKnownFileType = sourcecode.swift; path = AppState.swift; sourceTree = "<group>"; };
		B3AB24F51EFAF56900E954EE /* Loading.swift */ = {isa = PBXFileReference; fileEncoding = 4; lastKnownFileType = sourcecode.swift; path = Loading.swift; sourceTree = "<group>"; };
		B3AB24F81EFAF80900E954EE /* GameState.swift */ = {isa = PBXFileReference; fileEncoding = 4; lastKnownFileType = sourcecode.swift; path = GameState.swift; sourceTree = "<group>"; };
		B3AB24FA1EFAFA1D00E954EE /* Question.swift */ = {isa = PBXFileReference; fileEncoding = 4; lastKnownFileType = sourcecode.swift; path = Question.swift; sourceTree = "<group>"; };
		B3AB24FD1EFB131600E954EE /* AppReducer.swift */ = {isa = PBXFileReference; fileEncoding = 4; lastKnownFileType = sourcecode.swift; path = AppReducer.swift; sourceTree = "<group>"; };
		B3AB24FF1EFB133400E954EE /* GameReducer.swift */ = {isa = PBXFileReference; fileEncoding = 4; lastKnownFileType = sourcecode.swift; path = GameReducer.swift; sourceTree = "<group>"; };
		B3C4B07E1EFD55F500C65A14 /* MenuWorkflow.swift */ = {isa = PBXFileReference; fileEncoding = 4; lastKnownFileType = sourcecode.swift; path = MenuWorkflow.swift; sourceTree = "<group>"; };
		B3CE02891EF1A4EB0090A944 /* UserGridViewController.swift */ = {isa = PBXFileReference; fileEncoding = 4; lastKnownFileType = sourcecode.swift; path = UserGridViewController.swift; sourceTree = "<group>"; };
		B3D35EF71EF42CFE00DE9EAA /* NameGameViewController.swift */ = {isa = PBXFileReference; fileEncoding = 4; lastKnownFileType = sourcecode.swift; path = NameGameViewController.swift; sourceTree = "<group>"; };
		B3F5BFF81EF03CF9003BF88D /* UserRecord.swift */ = {isa = PBXFileReference; fileEncoding = 4; lastKnownFileType = sourcecode.swift; path = UserRecord.swift; sourceTree = "<group>"; };
		B3F5BFFA1EF03D0F003BF88D /* UserRecordDecoder.swift */ = {isa = PBXFileReference; fileEncoding = 4; lastKnownFileType = sourcecode.swift; path = UserRecordDecoder.swift; sourceTree = "<group>"; };
		B3F5BFFC1EF03D1E003BF88D /* Headshot.swift */ = {isa = PBXFileReference; fileEncoding = 4; lastKnownFileType = sourcecode.swift; path = Headshot.swift; sourceTree = "<group>"; };
		B3FE253A1EF03C650054C2BA /* UserRecordService.swift */ = {isa = PBXFileReference; fileEncoding = 4; lastKnownFileType = sourcecode.swift; path = UserRecordService.swift; sourceTree = "<group>"; };
		EC6A1AB31C8F6E5A0071F529 /* NameGame.app */ = {isa = PBXFileReference; explicitFileType = wrapper.application; includeInIndex = 0; path = NameGame.app; sourceTree = BUILT_PRODUCTS_DIR; };
		EC6A1AB61C8F6E5A0071F529 /* AppDelegate.swift */ = {isa = PBXFileReference; lastKnownFileType = sourcecode.swift; path = AppDelegate.swift; sourceTree = "<group>"; };
		EC6A1ABB1C8F6E5A0071F529 /* Base */ = {isa = PBXFileReference; lastKnownFileType = file.storyboard; name = Base; path = Base.lproj/Main.storyboard; sourceTree = "<group>"; };
		EC6A1ABD1C8F6E5A0071F529 /* Assets.xcassets */ = {isa = PBXFileReference; lastKnownFileType = folder.assetcatalog; path = Assets.xcassets; sourceTree = "<group>"; };
		EC6A1AC21C8F6E5A0071F529 /* Info.plist */ = {isa = PBXFileReference; lastKnownFileType = text.plist.xml; path = Info.plist; sourceTree = "<group>"; };
		ECF50AB41C9331CA00C41A1D /* FaceButton.swift */ = {isa = PBXFileReference; fileEncoding = 4; lastKnownFileType = sourcecode.swift; path = FaceButton.swift; sourceTree = "<group>"; };
/* End PBXFileReference section */

/* Begin PBXFrameworksBuildPhase section */
		EC6A1AB01C8F6E5A0071F529 /* Frameworks */ = {
			isa = PBXFrameworksBuildPhase;
			buildActionMask = 2147483647;
			files = (
				B39D020F1EF86A71006CC8D1 /* ReSwift.framework in Frameworks */,
			);
			runOnlyForDeploymentPostprocessing = 0;
		};
/* End PBXFrameworksBuildPhase section */

/* Begin PBXGroup section */
		0390A0101DDE529600C701A0 /* Views */ = {
			isa = PBXGroup;
			children = (
				ECF50AB41C9331CA00C41A1D /* FaceButton.swift */,
			);
			path = Views;
			sourceTree = "<group>";
		};
		B30DE0621EFC4BE90012F695 /* UI */ = {
			isa = PBXGroup;
			children = (
				B30DE0631EFC4C040012F695 /* Root */,
				B30DE0641EFC4C080012F695 /* Menu */,
				B30DE0651EFC4C140012F695 /* UserGrid */,
			);
			path = UI;
			sourceTree = "<group>";
		};
		B30DE0631EFC4C040012F695 /* Root */ = {
			isa = PBXGroup;
			children = (
				B30DE06E1EFC4F8F0012F695 /* AppCoordinator.swift */,
			);
			path = Root;
			sourceTree = "<group>";
		};
		B30DE0641EFC4C080012F695 /* Menu */ = {
			isa = PBXGroup;
			children = (
				B30DE0701EFC51720012F695 /* MenuCoordinator.swift */,
				B3C4B07E1EFD55F500C65A14 /* MenuWorkflow.swift */,
				B3809CA61EF31B3C00CB3CAC /* MenuViewController.swift */,
			);
			path = Menu;
			sourceTree = "<group>";
		};
		B30DE0651EFC4C140012F695 /* UserGrid */ = {
			isa = PBXGroup;
			children = (
				B30DE0751EFC5E2C0012F695 /* UserGridCoordinator.swift */,
				B30DE0691EFC4EED0012F695 /* ViewController */,
			);
			path = UserGrid;
			sourceTree = "<group>";
		};
		B30DE0691EFC4EED0012F695 /* ViewController */ = {
			isa = PBXGroup;
			children = (
				B3CE02891EF1A4EB0090A944 /* UserGridViewController.swift */,
				B33ED8D11EF1D60600CE899E /* UserRecordCell.swift */,
			);
			path = ViewController;
			sourceTree = "<group>";
		};
		B30DE0741EFC56F60012F695 /* Enums */ = {
			isa = PBXGroup;
			children = (
				B3AB24F51EFAF56900E954EE /* Loading.swift */,
				B34EC1131EF039BF00192AE0 /* ParsingError.swift */,
				B322A4421EF16E9A009ABB4B /* ResponseError.swift */,
				B34EC1111EF039AB00192AE0 /* Result.swift */,
			);
			path = Enums;
			sourceTree = "<group>";
		};
		B34EC1101EF0399B00192AE0 /* Utilities */ = {
			isa = PBXGroup;
			children = (
				B30DE0741EFC56F60012F695 /* Enums */,
				B30DE05B1EFC46190012F695 /* Coordinator.swift */,
				B322A4461EF182E1009ABB4B /* FilePath.swift */,
				B30DE0721EFC52AE0012F695 /* UIStoryboardExtensions.swift */,
				B30DE0601EFC4AC60012F695 /* ViewLifecycleObserver.swift */,
			);
			path = Utilities;
			sourceTree = "<group>";
		};
		B39D020B1EF86A56006CC8D1 /* Frameworks */ = {
			isa = PBXGroup;
			children = (
				B39D020E1EF86A71006CC8D1 /* ReSwift.framework */,
			);
			name = Frameworks;
			sourceTree = "<group>";
		};
		B3AB24EA1EFAF30500E954EE /* State */ = {
			isa = PBXGroup;
			children = (
				B3AB24EB1EFAF3B900E954EE /* Middleware */,
				B3AB24F01EFAF47800E954EE /* Model */,
				B3AB24FC1EFB130400E954EE /* Reducer */,
				B3AB24EE1EFAF44000E954EE /* AppState.swift */,
			);
			path = State;
			sourceTree = "<group>";
		};
		B3AB24EB1EFAF3B900E954EE /* Middleware */ = {
			isa = PBXGroup;
			children = (
				B3AB24EC1EFAF3CF00E954EE /* StateLogger.swift */,
			);
			path = Middleware;
			sourceTree = "<group>";
		};
		B3AB24F01EFAF47800E954EE /* Model */ = {
			isa = PBXGroup;
			children = (
				B3AB24F81EFAF80900E954EE /* GameState.swift */,
				B3AB24FA1EFAFA1D00E954EE /* Question.swift */,
			);
			path = Model;
			sourceTree = "<group>";
		};
		B3AB24FC1EFB130400E954EE /* Reducer */ = {
			isa = PBXGroup;
			children = (
				B3AB24FD1EFB131600E954EE /* AppReducer.swift */,
				B3AB24FF1EFB133400E954EE /* GameReducer.swift */,
			);
			path = Reducer;
			sourceTree = "<group>";
		};
		B3D35EF41EF42B8800DE9EAA /* GameViewController */ = {
			isa = PBXGroup;
			children = (
				0390A0101DDE529600C701A0 /* Views */,
				03CE45601DD1302700ABF7FA /* NameGame.swift */,
				B3D35EF71EF42CFE00DE9EAA /* NameGameViewController.swift */,
			);
			path = GameViewController;
			sourceTree = "<group>";
		};
		B3F5BFF71EF03CDF003BF88D /* Model */ = {
			isa = PBXGroup;
			children = (
				B3F5BFFE1EF03D44003BF88D /* UserRecord */,
				B3F5BFFC1EF03D1E003BF88D /* Headshot.swift */,
			);
			path = Model;
			sourceTree = "<group>";
		};
		B3F5BFFE1EF03D44003BF88D /* UserRecord */ = {
			isa = PBXGroup;
			children = (
				B3F5BFF81EF03CF9003BF88D /* UserRecord.swift */,
				B3F5BFFA1EF03D0F003BF88D /* UserRecordDecoder.swift */,
			);
			path = UserRecord;
			sourceTree = "<group>";
		};
		B3FE25391EF03C540054C2BA /* Services */ = {
			isa = PBXGroup;
			children = (
				B3F5BFF71EF03CDF003BF88D /* Model */,
				B322A4441EF17B36009ABB4B /* ImageCache.swift */,
				B322A4401EF16E44009ABB4B /* ImageService.swift */,
				B3FE253A1EF03C650054C2BA /* UserRecordService.swift */,
			);
			path = Services;
			sourceTree = "<group>";
		};
		EC6A1AAA1C8F6E5A0071F529 = {
			isa = PBXGroup;
			children = (
				EC6A1AB51C8F6E5A0071F529 /* NameGame */,
				EC6A1AB41C8F6E5A0071F529 /* Products */,
				B39D020B1EF86A56006CC8D1 /* Frameworks */,
			);
			sourceTree = "<group>";
		};
		EC6A1AB41C8F6E5A0071F529 /* Products */ = {
			isa = PBXGroup;
			children = (
				EC6A1AB31C8F6E5A0071F529 /* NameGame.app */,
			);
			name = Products;
			sourceTree = "<group>";
		};
		EC6A1AB51C8F6E5A0071F529 /* NameGame */ = {
			isa = PBXGroup;
			children = (
				B3D35EF41EF42B8800DE9EAA /* GameViewController */,
				B3FE25391EF03C540054C2BA /* Services */,
				B3AB24EA1EFAF30500E954EE /* State */,
				B30DE0621EFC4BE90012F695 /* UI */,
				B34EC1101EF0399B00192AE0 /* Utilities */,
				EC6A1AB61C8F6E5A0071F529 /* AppDelegate.swift */,
				EC6A1ABD1C8F6E5A0071F529 /* Assets.xcassets */,
				EC6A1AC21C8F6E5A0071F529 /* Info.plist */,
				03909FDF1DDE4ACE00C701A0 /* LaunchScreen.storyboard */,
				EC6A1ABA1C8F6E5A0071F529 /* Main.storyboard */,
			);
			path = NameGame;
			sourceTree = "<group>";
		};
/* End PBXGroup section */

/* Begin PBXNativeTarget section */
		EC6A1AB21C8F6E5A0071F529 /* NameGame */ = {
			isa = PBXNativeTarget;
			buildConfigurationList = EC6A1AC51C8F6E5A0071F529 /* Build configuration list for PBXNativeTarget "NameGame" */;
			buildPhases = (
				EC6A1AAF1C8F6E5A0071F529 /* Sources */,
				EC6A1AB01C8F6E5A0071F529 /* Frameworks */,
				EC6A1AB11C8F6E5A0071F529 /* Resources */,
				B39D02111EF86A71006CC8D1 /* Embed Frameworks */,
				B39D02121EF86A7B006CC8D1 /* Carthage Copy Frameworks */,
			);
			buildRules = (
			);
			dependencies = (
			);
			name = NameGame;
			productName = NameGame;
			productReference = EC6A1AB31C8F6E5A0071F529 /* NameGame.app */;
			productType = "com.apple.product-type.application";
		};
/* End PBXNativeTarget section */

/* Begin PBXProject section */
		EC6A1AAB1C8F6E5A0071F529 /* Project object */ = {
			isa = PBXProject;
			attributes = {
				LastSwiftUpdateCheck = 0720;
				LastUpgradeCheck = 0810;
				ORGANIZATIONNAME = "WillowTree Apps";
				TargetAttributes = {
					EC6A1AB21C8F6E5A0071F529 = {
						CreatedOnToolsVersion = 7.2.1;
						LastSwiftMigration = 0810;
					};
				};
			};
			buildConfigurationList = EC6A1AAE1C8F6E5A0071F529 /* Build configuration list for PBXProject "NameGame" */;
			compatibilityVersion = "Xcode 3.2";
			developmentRegion = English;
			hasScannedForEncodings = 0;
			knownRegions = (
				en,
				Base,
			);
			mainGroup = EC6A1AAA1C8F6E5A0071F529;
			productRefGroup = EC6A1AB41C8F6E5A0071F529 /* Products */;
			projectDirPath = "";
			projectRoot = "";
			targets = (
				EC6A1AB21C8F6E5A0071F529 /* NameGame */,
			);
		};
/* End PBXProject section */

/* Begin PBXResourcesBuildPhase section */
		EC6A1AB11C8F6E5A0071F529 /* Resources */ = {
			isa = PBXResourcesBuildPhase;
			buildActionMask = 2147483647;
			files = (
				03909FE01DDE4ACE00C701A0 /* LaunchScreen.storyboard in Resources */,
				EC6A1ABE1C8F6E5A0071F529 /* Assets.xcassets in Resources */,
				EC6A1ABC1C8F6E5A0071F529 /* Main.storyboard in Resources */,
			);
			runOnlyForDeploymentPostprocessing = 0;
		};
/* End PBXResourcesBuildPhase section */

/* Begin PBXShellScriptBuildPhase section */
		B39D02121EF86A7B006CC8D1 /* Carthage Copy Frameworks */ = {
			isa = PBXShellScriptBuildPhase;
			buildActionMask = 2147483647;
			files = (
			);
			inputPaths = (
				"$(SRCROOT)/Carthage/Build/iOS/ReSwift.framework",
			);
			name = "Carthage Copy Frameworks";
			outputPaths = (
			);
			runOnlyForDeploymentPostprocessing = 0;
			shellPath = /bin/sh;
			shellScript = "/usr/local/bin/carthage copy-frameworks";
		};
/* End PBXShellScriptBuildPhase section */

/* Begin PBXSourcesBuildPhase section */
		EC6A1AAF1C8F6E5A0071F529 /* Sources */ = {
			isa = PBXSourcesBuildPhase;
			buildActionMask = 2147483647;
			files = (
				B3AB25001EFB133400E954EE /* GameReducer.swift in Sources */,
				B3AB24F91EFAF80900E954EE /* GameState.swift in Sources */,
				B3CE028A1EF1A4EB0090A944 /* UserGridViewController.swift in Sources */,
				B3AB24ED1EFAF3CF00E954EE /* StateLogger.swift in Sources */,
				B3AB24EF1EFAF44000E954EE /* AppState.swift in Sources */,
				B30DE0761EFC5E2C0012F695 /* UserGridCoordinator.swift in Sources */,
				B30DE0711EFC51720012F695 /* MenuCoordinator.swift in Sources */,
				B3AB24FE1EFB131600E954EE /* AppReducer.swift in Sources */,
				B30DE06F1EFC4F8F0012F695 /* AppCoordinator.swift in Sources */,
				B322A4451EF17B36009ABB4B /* ImageCache.swift in Sources */,
				B3C4B07F1EFD55F500C65A14 /* MenuWorkflow.swift in Sources */,
				B3AB24F61EFAF56900E954EE /* Loading.swift in Sources */,
				B33ED8D21EF1D60600CE899E /* UserRecordCell.swift in Sources */,
				B30DE0611EFC4AC60012F695 /* ViewLifecycleObserver.swift in Sources */,
				B3F5BFFB1EF03D0F003BF88D /* UserRecordDecoder.swift in Sources */,
				B3F5BFF91EF03CF9003BF88D /* UserRecord.swift in Sources */,
				B3AB24FB1EFAFA1D00E954EE /* Question.swift in Sources */,
				B3D35EF81EF42CFE00DE9EAA /* NameGameViewController.swift in Sources */,
				B322A4471EF182E1009ABB4B /* FilePath.swift in Sources */,
				B322A4431EF16E9A009ABB4B /* ResponseError.swift in Sources */,
				B3809CA71EF31B3C00CB3CAC /* MenuViewController.swift in Sources */,
				B3F5BFFD1EF03D1E003BF88D /* Headshot.swift in Sources */,
				B34EC1141EF039BF00192AE0 /* ParsingError.swift in Sources */,
				B30DE0731EFC52AE0012F695 /* UIStoryboardExtensions.swift in Sources */,
				EC6A1AB71C8F6E5A0071F529 /* AppDelegate.swift in Sources */,
				B34EC1121EF039AB00192AE0 /* Result.swift in Sources */,
				03CE45611DD1302700ABF7FA /* NameGame.swift in Sources */,
				B322A4411EF16E44009ABB4B /* ImageService.swift in Sources */,
				B30DE05C1EFC46190012F695 /* Coordinator.swift in Sources */,
				ECF50AB51C9331CA00C41A1D /* FaceButton.swift in Sources */,
				B3FE253B1EF03C650054C2BA /* UserRecordService.swift in Sources */,
			);
			runOnlyForDeploymentPostprocessing = 0;
		};
/* End PBXSourcesBuildPhase section */

/* Begin PBXVariantGroup section */
		EC6A1ABA1C8F6E5A0071F529 /* Main.storyboard */ = {
			isa = PBXVariantGroup;
			children = (
				EC6A1ABB1C8F6E5A0071F529 /* Base */,
			);
			name = Main.storyboard;
			path = .;
			sourceTree = "<group>";
		};
/* End PBXVariantGroup section */

/* Begin XCBuildConfiguration section */
		EC6A1AC31C8F6E5A0071F529 /* Debug */ = {
			isa = XCBuildConfiguration;
			buildSettings = {
				ALWAYS_SEARCH_USER_PATHS = NO;
				CLANG_CXX_LANGUAGE_STANDARD = "gnu++0x";
				CLANG_CXX_LIBRARY = "libc++";
				CLANG_ENABLE_MODULES = YES;
				CLANG_ENABLE_OBJC_ARC = YES;
				CLANG_WARN_BOOL_CONVERSION = YES;
				CLANG_WARN_CONSTANT_CONVERSION = YES;
				CLANG_WARN_DIRECT_OBJC_ISA_USAGE = YES_ERROR;
				CLANG_WARN_EMPTY_BODY = YES;
				CLANG_WARN_ENUM_CONVERSION = YES;
				CLANG_WARN_INFINITE_RECURSION = YES;
				CLANG_WARN_INT_CONVERSION = YES;
				CLANG_WARN_OBJC_ROOT_CLASS = YES_ERROR;
				CLANG_WARN_SUSPICIOUS_MOVE = YES;
				CLANG_WARN_UNREACHABLE_CODE = YES;
				CLANG_WARN__DUPLICATE_METHOD_MATCH = YES;
				"CODE_SIGN_IDENTITY[sdk=iphoneos*]" = "iPhone Developer";
				COPY_PHASE_STRIP = NO;
				DEBUG_INFORMATION_FORMAT = dwarf;
				ENABLE_STRICT_OBJC_MSGSEND = YES;
				ENABLE_TESTABILITY = YES;
				GCC_C_LANGUAGE_STANDARD = gnu99;
				GCC_DYNAMIC_NO_PIC = NO;
				GCC_NO_COMMON_BLOCKS = YES;
				GCC_OPTIMIZATION_LEVEL = 0;
				GCC_PREPROCESSOR_DEFINITIONS = (
					"DEBUG=1",
					"$(inherited)",
				);
				GCC_WARN_64_TO_32_BIT_CONVERSION = YES;
				GCC_WARN_ABOUT_RETURN_TYPE = YES_ERROR;
				GCC_WARN_UNDECLARED_SELECTOR = YES;
				GCC_WARN_UNINITIALIZED_AUTOS = YES_AGGRESSIVE;
				GCC_WARN_UNUSED_FUNCTION = YES;
				GCC_WARN_UNUSED_VARIABLE = YES;
				IPHONEOS_DEPLOYMENT_TARGET = 9.2;
				MTL_ENABLE_DEBUG_INFO = YES;
				ONLY_ACTIVE_ARCH = YES;
				SDKROOT = iphoneos;
				SWIFT_OPTIMIZATION_LEVEL = "-Onone";
				TARGETED_DEVICE_FAMILY = "1,2";
			};
			name = Debug;
		};
		EC6A1AC41C8F6E5A0071F529 /* Release */ = {
			isa = XCBuildConfiguration;
			buildSettings = {
				ALWAYS_SEARCH_USER_PATHS = NO;
				CLANG_CXX_LANGUAGE_STANDARD = "gnu++0x";
				CLANG_CXX_LIBRARY = "libc++";
				CLANG_ENABLE_MODULES = YES;
				CLANG_ENABLE_OBJC_ARC = YES;
				CLANG_WARN_BOOL_CONVERSION = YES;
				CLANG_WARN_CONSTANT_CONVERSION = YES;
				CLANG_WARN_DIRECT_OBJC_ISA_USAGE = YES_ERROR;
				CLANG_WARN_EMPTY_BODY = YES;
				CLANG_WARN_ENUM_CONVERSION = YES;
				CLANG_WARN_INFINITE_RECURSION = YES;
				CLANG_WARN_INT_CONVERSION = YES;
				CLANG_WARN_OBJC_ROOT_CLASS = YES_ERROR;
				CLANG_WARN_SUSPICIOUS_MOVE = YES;
				CLANG_WARN_UNREACHABLE_CODE = YES;
				CLANG_WARN__DUPLICATE_METHOD_MATCH = YES;
				"CODE_SIGN_IDENTITY[sdk=iphoneos*]" = "iPhone Developer";
				COPY_PHASE_STRIP = NO;
				DEBUG_INFORMATION_FORMAT = "dwarf-with-dsym";
				ENABLE_NS_ASSERTIONS = NO;
				ENABLE_STRICT_OBJC_MSGSEND = YES;
				GCC_C_LANGUAGE_STANDARD = gnu99;
				GCC_NO_COMMON_BLOCKS = YES;
				GCC_WARN_64_TO_32_BIT_CONVERSION = YES;
				GCC_WARN_ABOUT_RETURN_TYPE = YES_ERROR;
				GCC_WARN_UNDECLARED_SELECTOR = YES;
				GCC_WARN_UNINITIALIZED_AUTOS = YES_AGGRESSIVE;
				GCC_WARN_UNUSED_FUNCTION = YES;
				GCC_WARN_UNUSED_VARIABLE = YES;
				IPHONEOS_DEPLOYMENT_TARGET = 9.2;
				MTL_ENABLE_DEBUG_INFO = NO;
				SDKROOT = iphoneos;
				SWIFT_OPTIMIZATION_LEVEL = "-Owholemodule";
				TARGETED_DEVICE_FAMILY = "1,2";
				VALIDATE_PRODUCT = YES;
			};
			name = Release;
		};
		EC6A1AC61C8F6E5A0071F529 /* Debug */ = {
			isa = XCBuildConfiguration;
			buildSettings = {
				ASSETCATALOG_COMPILER_APPICON_NAME = AppIcon;
				FRAMEWORK_SEARCH_PATHS = (
					"$(inherited)",
					"$(PROJECT_DIR)/Carthage/Build/iOS",
				);
				INFOPLIST_FILE = NameGame/Info.plist;
				LD_RUNPATH_SEARCH_PATHS = "$(inherited) @executable_path/Frameworks";
				PRODUCT_BUNDLE_IDENTIFIER = com.willowtreeapps.NameGame;
				PRODUCT_NAME = "$(TARGET_NAME)";
				SWIFT_VERSION = 3.0;
			};
			name = Debug;
		};
		EC6A1AC71C8F6E5A0071F529 /* Release */ = {
			isa = XCBuildConfiguration;
			buildSettings = {
				ASSETCATALOG_COMPILER_APPICON_NAME = AppIcon;
				FRAMEWORK_SEARCH_PATHS = "$(PROJECT_DIR)/Carthage/Build/iOS";
				INFOPLIST_FILE = NameGame/Info.plist;
				LD_RUNPATH_SEARCH_PATHS = "$(inherited) @executable_path/Frameworks";
				PRODUCT_BUNDLE_IDENTIFIER = com.willowtreeapps.NameGame;
				PRODUCT_NAME = "$(TARGET_NAME)";
				SWIFT_VERSION = 3.0;
			};
			name = Release;
		};
/* End XCBuildConfiguration section */

/* Begin XCConfigurationList section */
		EC6A1AAE1C8F6E5A0071F529 /* Build configuration list for PBXProject "NameGame" */ = {
			isa = XCConfigurationList;
			buildConfigurations = (
				EC6A1AC31C8F6E5A0071F529 /* Debug */,
				EC6A1AC41C8F6E5A0071F529 /* Release */,
			);
			defaultConfigurationIsVisible = 0;
			defaultConfigurationName = Release;
		};
		EC6A1AC51C8F6E5A0071F529 /* Build configuration list for PBXNativeTarget "NameGame" */ = {
			isa = XCConfigurationList;
			buildConfigurations = (
				EC6A1AC61C8F6E5A0071F529 /* Debug */,
				EC6A1AC71C8F6E5A0071F529 /* Release */,
			);
			defaultConfigurationIsVisible = 0;
			defaultConfigurationName = Release;
		};
/* End XCConfigurationList section */
	};
	rootObject = EC6A1AAB1C8F6E5A0071F529 /* Project object */;
}
