// !$*UTF8*$!
{
	archiveVersion = 1;
	classes = {
	};
	objectVersion = 46;
	objects = {

/* Begin PBXBuildFile section */
		03909FE01DDE4ACE00C701A0 /* LaunchScreen.storyboard in Resources */ = {isa = PBXBuildFile; fileRef = 03909FDF1DDE4ACE00C701A0 /* LaunchScreen.storyboard */; };
		03CE45611DD1302700ABF7FA /* NameGame.swift in Sources */ = {isa = PBXBuildFile; fileRef = 03CE45601DD1302700ABF7FA /* NameGame.swift */; };
		B322A4411EF16E44009ABB4B /* ImageService.swift in Sources */ = {isa = PBXBuildFile; fileRef = B322A4401EF16E44009ABB4B /* ImageService.swift */; };
		B322A4431EF16E9A009ABB4B /* ResponseError.swift in Sources */ = {isa = PBXBuildFile; fileRef = B322A4421EF16E9A009ABB4B /* ResponseError.swift */; };
		B322A4451EF17B36009ABB4B /* ImageCache.swift in Sources */ = {isa = PBXBuildFile; fileRef = B322A4441EF17B36009ABB4B /* ImageCache.swift */; };
		B322A4471EF182E1009ABB4B /* FilePath.swift in Sources */ = {isa = PBXBuildFile; fileRef = B322A4461EF182E1009ABB4B /* FilePath.swift */; };
		B33ED8D21EF1D60600CE899E /* UserRecordCell.swift in Sources */ = {isa = PBXBuildFile; fileRef = B33ED8D11EF1D60600CE899E /* UserRecordCell.swift */; };
		B34EC1121EF039AB00192AE0 /* Result.swift in Sources */ = {isa = PBXBuildFile; fileRef = B34EC1111EF039AB00192AE0 /* Result.swift */; };
		B34EC1141EF039BF00192AE0 /* ParsingError.swift in Sources */ = {isa = PBXBuildFile; fileRef = B34EC1131EF039BF00192AE0 /* ParsingError.swift */; };
		B3809CA71EF31B3C00CB3CAC /* MenuViewController.swift in Sources */ = {isa = PBXBuildFile; fileRef = B3809CA61EF31B3C00CB3CAC /* MenuViewController.swift */; };
		B3CE028A1EF1A4EB0090A944 /* UserGridViewController.swift in Sources */ = {isa = PBXBuildFile; fileRef = B3CE02891EF1A4EB0090A944 /* UserGridViewController.swift */; };
		B3D35EF81EF42CFE00DE9EAA /* NameGameViewController.swift in Sources */ = {isa = PBXBuildFile; fileRef = B3D35EF71EF42CFE00DE9EAA /* NameGameViewController.swift */; };
		B3F5BFF91EF03CF9003BF88D /* UserRecord.swift in Sources */ = {isa = PBXBuildFile; fileRef = B3F5BFF81EF03CF9003BF88D /* UserRecord.swift */; };
		B3F5BFFB1EF03D0F003BF88D /* UserRecordDecoder.swift in Sources */ = {isa = PBXBuildFile; fileRef = B3F5BFFA1EF03D0F003BF88D /* UserRecordDecoder.swift */; };
		B3F5BFFD1EF03D1E003BF88D /* Headshot.swift in Sources */ = {isa = PBXBuildFile; fileRef = B3F5BFFC1EF03D1E003BF88D /* Headshot.swift */; };
		B3FE253B1EF03C650054C2BA /* UserRecordService.swift in Sources */ = {isa = PBXBuildFile; fileRef = B3FE253A1EF03C650054C2BA /* UserRecordService.swift */; };
		EC6A1AB71C8F6E5A0071F529 /* AppDelegate.swift in Sources */ = {isa = PBXBuildFile; fileRef = EC6A1AB61C8F6E5A0071F529 /* AppDelegate.swift */; };
		EC6A1ABC1C8F6E5A0071F529 /* Main.storyboard in Resources */ = {isa = PBXBuildFile; fileRef = EC6A1ABA1C8F6E5A0071F529 /* Main.storyboard */; };
		EC6A1ABE1C8F6E5A0071F529 /* Assets.xcassets in Resources */ = {isa = PBXBuildFile; fileRef = EC6A1ABD1C8F6E5A0071F529 /* Assets.xcassets */; };
		ECF50AB51C9331CA00C41A1D /* FaceButton.swift in Sources */ = {isa = PBXBuildFile; fileRef = ECF50AB41C9331CA00C41A1D /* FaceButton.swift */; };
/* End PBXBuildFile section */

/* Begin PBXFileReference section */
		03909FDF1DDE4ACE00C701A0 /* LaunchScreen.storyboard */ = {isa = PBXFileReference; fileEncoding = 4; lastKnownFileType = file.storyboard; path = LaunchScreen.storyboard; sourceTree = "<group>"; };
		03CE45601DD1302700ABF7FA /* NameGame.swift */ = {isa = PBXFileReference; fileEncoding = 4; lastKnownFileType = sourcecode.swift; name = NameGame.swift; path = ../NameGame.swift; sourceTree = "<group>"; };
		B322A4401EF16E44009ABB4B /* ImageService.swift */ = {isa = PBXFileReference; fileEncoding = 4; lastKnownFileType = sourcecode.swift; path = ImageService.swift; sourceTree = "<group>"; };
		B322A4421EF16E9A009ABB4B /* ResponseError.swift */ = {isa = PBXFileReference; fileEncoding = 4; lastKnownFileType = sourcecode.swift; path = ResponseError.swift; sourceTree = "<group>"; };
		B322A4441EF17B36009ABB4B /* ImageCache.swift */ = {isa = PBXFileReference; fileEncoding = 4; lastKnownFileType = sourcecode.swift; path = ImageCache.swift; sourceTree = "<group>"; };
		B322A4461EF182E1009ABB4B /* FilePath.swift */ = {isa = PBXFileReference; fileEncoding = 4; lastKnownFileType = sourcecode.swift; path = FilePath.swift; sourceTree = "<group>"; };
		B33ED8D11EF1D60600CE899E /* UserRecordCell.swift */ = {isa = PBXFileReference; fileEncoding = 4; lastKnownFileType = sourcecode.swift; path = UserRecordCell.swift; sourceTree = "<group>"; };
		B34EC1111EF039AB00192AE0 /* Result.swift */ = {isa = PBXFileReference; fileEncoding = 4; lastKnownFileType = sourcecode.swift; path = Result.swift; sourceTree = "<group>"; };
		B34EC1131EF039BF00192AE0 /* ParsingError.swift */ = {isa = PBXFileReference; fileEncoding = 4; lastKnownFileType = sourcecode.swift; path = ParsingError.swift; sourceTree = "<group>"; };
		B3809CA61EF31B3C00CB3CAC /* MenuViewController.swift */ = {isa = PBXFileReference; fileEncoding = 4; lastKnownFileType = sourcecode.swift; path = MenuViewController.swift; sourceTree = "<group>"; };
		B3CE02891EF1A4EB0090A944 /* UserGridViewController.swift */ = {isa = PBXFileReference; fileEncoding = 4; lastKnownFileType = sourcecode.swift; path = UserGridViewController.swift; sourceTree = "<group>"; };
		B3D35EF71EF42CFE00DE9EAA /* NameGameViewController.swift */ = {isa = PBXFileReference; fileEncoding = 4; lastKnownFileType = sourcecode.swift; name = NameGameViewController.swift; path = ../NameGameViewController.swift; sourceTree = "<group>"; };
		B3F5BFF81EF03CF9003BF88D /* UserRecord.swift */ = {isa = PBXFileReference; fileEncoding = 4; lastKnownFileType = sourcecode.swift; path = UserRecord.swift; sourceTree = "<group>"; };
		B3F5BFFA1EF03D0F003BF88D /* UserRecordDecoder.swift */ = {isa = PBXFileReference; fileEncoding = 4; lastKnownFileType = sourcecode.swift; path = UserRecordDecoder.swift; sourceTree = "<group>"; };
		B3F5BFFC1EF03D1E003BF88D /* Headshot.swift */ = {isa = PBXFileReference; fileEncoding = 4; lastKnownFileType = sourcecode.swift; path = Headshot.swift; sourceTree = "<group>"; };
		B3FE253A1EF03C650054C2BA /* UserRecordService.swift */ = {isa = PBXFileReference; fileEncoding = 4; lastKnownFileType = sourcecode.swift; path = UserRecordService.swift; sourceTree = "<group>"; };
		EC6A1AB31C8F6E5A0071F529 /* NameGame.app */ = {isa = PBXFileReference; explicitFileType = wrapper.application; includeInIndex = 0; path = NameGame.app; sourceTree = BUILT_PRODUCTS_DIR; };
		EC6A1AB61C8F6E5A0071F529 /* AppDelegate.swift */ = {isa = PBXFileReference; lastKnownFileType = sourcecode.swift; path = AppDelegate.swift; sourceTree = "<group>"; };
		EC6A1ABB1C8F6E5A0071F529 /* Base */ = {isa = PBXFileReference; lastKnownFileType = file.storyboard; name = Base; path = Base.lproj/Main.storyboard; sourceTree = "<group>"; };
		EC6A1ABD1C8F6E5A0071F529 /* Assets.xcassets */ = {isa = PBXFileReference; lastKnownFileType = folder.assetcatalog; path = Assets.xcassets; sourceTree = "<group>"; };
		EC6A1AC21C8F6E5A0071F529 /* Info.plist */ = {isa = PBXFileReference; lastKnownFileType = text.plist.xml; path = Info.plist; sourceTree = "<group>"; };
		ECF50AB41C9331CA00C41A1D /* FaceButton.swift */ = {isa = PBXFileReference; fileEncoding = 4; lastKnownFileType = sourcecode.swift; path = FaceButton.swift; sourceTree = "<group>"; };
/* End PBXFileReference section */

/* Begin PBXFrameworksBuildPhase section */
		EC6A1AB01C8F6E5A0071F529 /* Frameworks */ = {
			isa = PBXFrameworksBuildPhase;
			buildActionMask = 2147483647;
			files = (
			);
			runOnlyForDeploymentPostprocessing = 0;
		};
/* End PBXFrameworksBuildPhase section */

/* Begin PBXGroup section */
		0390A0101DDE529600C701A0 /* Views */ = {
			isa = PBXGroup;
			children = (
				ECF50AB41C9331CA00C41A1D /* FaceButton.swift */,
			);
			name = Views;
			path = ..;
			sourceTree = "<group>";
		};
		B34EC1101EF0399B00192AE0 /* Utilities */ = {
			isa = PBXGroup;
			children = (
				B34EC1111EF039AB00192AE0 /* Result.swift */,
				B34EC1131EF039BF00192AE0 /* ParsingError.swift */,
				B322A4421EF16E9A009ABB4B /* ResponseError.swift */,
				B322A4461EF182E1009ABB4B /* FilePath.swift */,
			);
			path = Utilities;
			sourceTree = "<group>";
		};
		B3CE02881EF1A4D30090A944 /* UserCollectionViewController */ = {
			isa = PBXGroup;
			children = (
				B3CE02891EF1A4EB0090A944 /* UserGridViewController.swift */,
				B33ED8D11EF1D60600CE899E /* UserRecordCell.swift */,
			);
			path = UserCollectionViewController;
			sourceTree = "<group>";
		};
		B3D35EF41EF42B8800DE9EAA /* GameViewController */ = {
			isa = PBXGroup;
			children = (
				03CE45601DD1302700ABF7FA /* NameGame.swift */,
				B3D35EF71EF42CFE00DE9EAA /* NameGameViewController.swift */,
				0390A0101DDE529600C701A0 /* Views */,
			);
			path = GameViewController;
			sourceTree = "<group>";
		};
		B3F5BFF71EF03CDF003BF88D /* Model */ = {
			isa = PBXGroup;
			children = (
				B3F5BFFE1EF03D44003BF88D /* UserRecord */,
				B3F5BFFC1EF03D1E003BF88D /* Headshot.swift */,
			);
			path = Model;
			sourceTree = "<group>";
		};
		B3F5BFFE1EF03D44003BF88D /* UserRecord */ = {
			isa = PBXGroup;
			children = (
				B3F5BFF81EF03CF9003BF88D /* UserRecord.swift */,
				B3F5BFFA1EF03D0F003BF88D /* UserRecordDecoder.swift */,
			);
			path = UserRecord;
			sourceTree = "<group>";
		};
		B3F940261EF3172100BA44F4 /* MenuViewController */ = {
			isa = PBXGroup;
			children = (
				B3809CA61EF31B3C00CB3CAC /* MenuViewController.swift */,
			);
			path = MenuViewController;
			sourceTree = "<group>";
		};
		B3FE25391EF03C540054C2BA /* Services */ = {
			isa = PBXGroup;
			children = (
				B3FE253A1EF03C650054C2BA /* UserRecordService.swift */,
				B322A4401EF16E44009ABB4B /* ImageService.swift */,
				B322A4441EF17B36009ABB4B /* ImageCache.swift */,
			);
			path = Services;
			sourceTree = "<group>";
		};
		EC6A1AAA1C8F6E5A0071F529 = {
			isa = PBXGroup;
			children = (
				EC6A1AB51C8F6E5A0071F529 /* NameGame */,
				EC6A1AB41C8F6E5A0071F529 /* Products */,
			);
			sourceTree = "<group>";
		};
		EC6A1AB41C8F6E5A0071F529 /* Products */ = {
			isa = PBXGroup;
			children = (
				EC6A1AB31C8F6E5A0071F529 /* NameGame.app */,
			);
			name = Products;
			sourceTree = "<group>";
		};
		EC6A1AB51C8F6E5A0071F529 /* NameGame */ = {
			isa = PBXGroup;
			children = (
				B3D35EF41EF42B8800DE9EAA /* GameViewController */,
				B3F940261EF3172100BA44F4 /* MenuViewController */,
				B3CE02881EF1A4D30090A944 /* UserCollectionViewController */,
				B3F5BFF71EF03CDF003BF88D /* Model */,
				B3FE25391EF03C540054C2BA /* Services */,
				B34EC1101EF0399B00192AE0 /* Utilities */,
				EC6A1AB61C8F6E5A0071F529 /* AppDelegate.swift */,
				EC6A1ABA1C8F6E5A0071F529 /* Main.storyboard */,
				EC6A1ABD1C8F6E5A0071F529 /* Assets.xcassets */,
				EC6A1AC21C8F6E5A0071F529 /* Info.plist */,
				03909FDF1DDE4ACE00C701A0 /* LaunchScreen.storyboard */,
			);
			path = NameGame;
			sourceTree = "<group>";
		};
/* End PBXGroup section */

/* Begin PBXNativeTarget section */
		EC6A1AB21C8F6E5A0071F529 /* NameGame */ = {
			isa = PBXNativeTarget;
			buildConfigurationList = EC6A1AC51C8F6E5A0071F529 /* Build configuration list for PBXNativeTarget "NameGame" */;
			buildPhases = (
				EC6A1AAF1C8F6E5A0071F529 /* Sources */,
				EC6A1AB01C8F6E5A0071F529 /* Frameworks */,
				EC6A1AB11C8F6E5A0071F529 /* Resources */,
			);
			buildRules = (
			);
			dependencies = (
			);
			name = NameGame;
			productName = NameGame;
			productReference = EC6A1AB31C8F6E5A0071F529 /* NameGame.app */;
			productType = "com.apple.product-type.application";
		};
/* End PBXNativeTarget section */

/* Begin PBXProject section */
		EC6A1AAB1C8F6E5A0071F529 /* Project object */ = {
			isa = PBXProject;
			attributes = {
				LastSwiftUpdateCheck = 0720;
				LastUpgradeCheck = 0810;
				ORGANIZATIONNAME = "WillowTree Apps";
				TargetAttributes = {
					EC6A1AB21C8F6E5A0071F529 = {
						CreatedOnToolsVersion = 7.2.1;
						LastSwiftMigration = 0810;
					};
				};
			};
			buildConfigurationList = EC6A1AAE1C8F6E5A0071F529 /* Build configuration list for PBXProject "NameGame" */;
			compatibilityVersion = "Xcode 3.2";
			developmentRegion = English;
			hasScannedForEncodings = 0;
			knownRegions = (
				en,
				Base,
			);
			mainGroup = EC6A1AAA1C8F6E5A0071F529;
			productRefGroup = EC6A1AB41C8F6E5A0071F529 /* Products */;
			projectDirPath = "";
			projectRoot = "";
			targets = (
				EC6A1AB21C8F6E5A0071F529 /* NameGame */,
			);
		};
/* End PBXProject section */

/* Begin PBXResourcesBuildPhase section */
		EC6A1AB11C8F6E5A0071F529 /* Resources */ = {
			isa = PBXResourcesBuildPhase;
			buildActionMask = 2147483647;
			files = (
				03909FE01DDE4ACE00C701A0 /* LaunchScreen.storyboard in Resources */,
				EC6A1ABE1C8F6E5A0071F529 /* Assets.xcassets in Resources */,
				EC6A1ABC1C8F6E5A0071F529 /* Main.storyboard in Resources */,
			);
			runOnlyForDeploymentPostprocessing = 0;
		};
/* End PBXResourcesBuildPhase section */

/* Begin PBXSourcesBuildPhase section */
		EC6A1AAF1C8F6E5A0071F529 /* Sources */ = {
			isa = PBXSourcesBuildPhase;
			buildActionMask = 2147483647;
			files = (
				B3CE028A1EF1A4EB0090A944 /* UserGridViewController.swift in Sources */,
				B322A4451EF17B36009ABB4B /* ImageCache.swift in Sources */,
				B33ED8D21EF1D60600CE899E /* UserRecordCell.swift in Sources */,
				B3F5BFFB1EF03D0F003BF88D /* UserRecordDecoder.swift in Sources */,
				B3F5BFF91EF03CF9003BF88D /* UserRecord.swift in Sources */,
				B3D35EF81EF42CFE00DE9EAA /* NameGameViewController.swift in Sources */,
				B322A4471EF182E1009ABB4B /* FilePath.swift in Sources */,
				B322A4431EF16E9A009ABB4B /* ResponseError.swift in Sources */,
				B3809CA71EF31B3C00CB3CAC /* MenuViewController.swift in Sources */,
				B3F5BFFD1EF03D1E003BF88D /* Headshot.swift in Sources */,
				B34EC1141EF039BF00192AE0 /* ParsingError.swift in Sources */,
				EC6A1AB71C8F6E5A0071F529 /* AppDelegate.swift in Sources */,
				B34EC1121EF039AB00192AE0 /* Result.swift in Sources */,
				03CE45611DD1302700ABF7FA /* NameGame.swift in Sources */,
				B322A4411EF16E44009ABB4B /* ImageService.swift in Sources */,
				ECF50AB51C9331CA00C41A1D /* FaceButton.swift in Sources */,
				B3FE253B1EF03C650054C2BA /* UserRecordService.swift in Sources */,
			);
			runOnlyForDeploymentPostprocessing = 0;
		};
/* End PBXSourcesBuildPhase section */

/* Begin PBXVariantGroup section */
		EC6A1ABA1C8F6E5A0071F529 /* Main.storyboard */ = {
			isa = PBXVariantGroup;
			children = (
				EC6A1ABB1C8F6E5A0071F529 /* Base */,
			);
			name = Main.storyboard;
			sourceTree = "<group>";
		};
/* End PBXVariantGroup section */

/* Begin XCBuildConfiguration section */
		EC6A1AC31C8F6E5A0071F529 /* Debug */ = {
			isa = XCBuildConfiguration;
			buildSettings = {
				ALWAYS_SEARCH_USER_PATHS = NO;
				CLANG_CXX_LANGUAGE_STANDARD = "gnu++0x";
				CLANG_CXX_LIBRARY = "libc++";
				CLANG_ENABLE_MODULES = YES;
				CLANG_ENABLE_OBJC_ARC = YES;
				CLANG_WARN_BOOL_CONVERSION = YES;
				CLANG_WARN_CONSTANT_CONVERSION = YES;
				CLANG_WARN_DIRECT_OBJC_ISA_USAGE = YES_ERROR;
				CLANG_WARN_EMPTY_BODY = YES;
				CLANG_WARN_ENUM_CONVERSION = YES;
				CLANG_WARN_INFINITE_RECURSION = YES;
				CLANG_WARN_INT_CONVERSION = YES;
				CLANG_WARN_OBJC_ROOT_CLASS = YES_ERROR;
				CLANG_WARN_SUSPICIOUS_MOVE = YES;
				CLANG_WARN_UNREACHABLE_CODE = YES;
				CLANG_WARN__DUPLICATE_METHOD_MATCH = YES;
				"CODE_SIGN_IDENTITY[sdk=iphoneos*]" = "iPhone Developer";
				COPY_PHASE_STRIP = NO;
				DEBUG_INFORMATION_FORMAT = dwarf;
				ENABLE_STRICT_OBJC_MSGSEND = YES;
				ENABLE_TESTABILITY = YES;
				GCC_C_LANGUAGE_STANDARD = gnu99;
				GCC_DYNAMIC_NO_PIC = NO;
				GCC_NO_COMMON_BLOCKS = YES;
				GCC_OPTIMIZATION_LEVEL = 0;
				GCC_PREPROCESSOR_DEFINITIONS = (
					"DEBUG=1",
					"$(inherited)",
				);
				GCC_WARN_64_TO_32_BIT_CONVERSION = YES;
				GCC_WARN_ABOUT_RETURN_TYPE = YES_ERROR;
				GCC_WARN_UNDECLARED_SELECTOR = YES;
				GCC_WARN_UNINITIALIZED_AUTOS = YES_AGGRESSIVE;
				GCC_WARN_UNUSED_FUNCTION = YES;
				GCC_WARN_UNUSED_VARIABLE = YES;
				IPHONEOS_DEPLOYMENT_TARGET = 9.2;
				MTL_ENABLE_DEBUG_INFO = YES;
				ONLY_ACTIVE_ARCH = YES;
				SDKROOT = iphoneos;
				SWIFT_OPTIMIZATION_LEVEL = "-Onone";
				TARGETED_DEVICE_FAMILY = "1,2";
			};
			name = Debug;
		};
		EC6A1AC41C8F6E5A0071F529 /* Release */ = {
			isa = XCBuildConfiguration;
			buildSettings = {
				ALWAYS_SEARCH_USER_PATHS = NO;
				CLANG_CXX_LANGUAGE_STANDARD = "gnu++0x";
				CLANG_CXX_LIBRARY = "libc++";
				CLANG_ENABLE_MODULES = YES;
				CLANG_ENABLE_OBJC_ARC = YES;
				CLANG_WARN_BOOL_CONVERSION = YES;
				CLANG_WARN_CONSTANT_CONVERSION = YES;
				CLANG_WARN_DIRECT_OBJC_ISA_USAGE = YES_ERROR;
				CLANG_WARN_EMPTY_BODY = YES;
				CLANG_WARN_ENUM_CONVERSION = YES;
				CLANG_WARN_INFINITE_RECURSION = YES;
				CLANG_WARN_INT_CONVERSION = YES;
				CLANG_WARN_OBJC_ROOT_CLASS = YES_ERROR;
				CLANG_WARN_SUSPICIOUS_MOVE = YES;
				CLANG_WARN_UNREACHABLE_CODE = YES;
				CLANG_WARN__DUPLICATE_METHOD_MATCH = YES;
				"CODE_SIGN_IDENTITY[sdk=iphoneos*]" = "iPhone Developer";
				COPY_PHASE_STRIP = NO;
				DEBUG_INFORMATION_FORMAT = "dwarf-with-dsym";
				ENABLE_NS_ASSERTIONS = NO;
				ENABLE_STRICT_OBJC_MSGSEND = YES;
				GCC_C_LANGUAGE_STANDARD = gnu99;
				GCC_NO_COMMON_BLOCKS = YES;
				GCC_WARN_64_TO_32_BIT_CONVERSION = YES;
				GCC_WARN_ABOUT_RETURN_TYPE = YES_ERROR;
				GCC_WARN_UNDECLARED_SELECTOR = YES;
				GCC_WARN_UNINITIALIZED_AUTOS = YES_AGGRESSIVE;
				GCC_WARN_UNUSED_FUNCTION = YES;
				GCC_WARN_UNUSED_VARIABLE = YES;
				IPHONEOS_DEPLOYMENT_TARGET = 9.2;
				MTL_ENABLE_DEBUG_INFO = NO;
				SDKROOT = iphoneos;
				SWIFT_OPTIMIZATION_LEVEL = "-Owholemodule";
				TARGETED_DEVICE_FAMILY = "1,2";
				VALIDATE_PRODUCT = YES;
			};
			name = Release;
		};
		EC6A1AC61C8F6E5A0071F529 /* Debug */ = {
			isa = XCBuildConfiguration;
			buildSettings = {
				ASSETCATALOG_COMPILER_APPICON_NAME = AppIcon;
				INFOPLIST_FILE = NameGame/Info.plist;
				LD_RUNPATH_SEARCH_PATHS = "$(inherited) @executable_path/Frameworks";
				PRODUCT_BUNDLE_IDENTIFIER = com.willowtreeapps.NameGame;
				PRODUCT_NAME = "$(TARGET_NAME)";
				SWIFT_VERSION = 3.0;
			};
			name = Debug;
		};
		EC6A1AC71C8F6E5A0071F529 /* Release */ = {
			isa = XCBuildConfiguration;
			buildSettings = {
				ASSETCATALOG_COMPILER_APPICON_NAME = AppIcon;
				INFOPLIST_FILE = NameGame/Info.plist;
				LD_RUNPATH_SEARCH_PATHS = "$(inherited) @executable_path/Frameworks";
				PRODUCT_BUNDLE_IDENTIFIER = com.willowtreeapps.NameGame;
				PRODUCT_NAME = "$(TARGET_NAME)";
				SWIFT_VERSION = 3.0;
			};
			name = Release;
		};
/* End XCBuildConfiguration section */

/* Begin XCConfigurationList section */
		EC6A1AAE1C8F6E5A0071F529 /* Build configuration list for PBXProject "NameGame" */ = {
			isa = XCConfigurationList;
			buildConfigurations = (
				EC6A1AC31C8F6E5A0071F529 /* Debug */,
				EC6A1AC41C8F6E5A0071F529 /* Release */,
			);
			defaultConfigurationIsVisible = 0;
			defaultConfigurationName = Release;
		};
		EC6A1AC51C8F6E5A0071F529 /* Build configuration list for PBXNativeTarget "NameGame" */ = {
			isa = XCConfigurationList;
			buildConfigurations = (
				EC6A1AC61C8F6E5A0071F529 /* Debug */,
				EC6A1AC71C8F6E5A0071F529 /* Release */,
			);
			defaultConfigurationIsVisible = 0;
			defaultConfigurationName = Release;
		};
/* End XCConfigurationList section */
	};
	rootObject = EC6A1AAB1C8F6E5A0071F529 /* Project object */;
}
